{
  "version": 4,
  "terraform_version": "1.9.5",
  "serial": 4,
  "lineage": "f3ba5c01-9b80-22f3-7285-a42bb84e39a3",
  "outputs": {
    "app_url": {
      "value": "http://localhost:5000",
      "type": "string"
    },
    "container_name": {
      "value": "devsecops-app-production",
      "type": "string"
    },
    "network_name": {
      "value": "devsecops-app-network",
      "type": "string"
    }
  },
  "resources": [
    {
      "mode": "managed",
      "type": "docker_container",
      "name": "app",
      "provider": "provider[\"registry.terraform.io/kreuzwerker/docker\"]",
      "instances": [
        {
          "status": "tainted",
          "schema_version": 2,
          "attributes": {
            "attach": false,
            "bridge": null,
            "capabilities": [],
            "cgroup_parent": null,
            "cgroupns_mode": null,
            "command": null,
            "container_logs": null,
            "container_read_refresh_timeout_milliseconds": 15000,
            "cpu_period": null,
            "cpu_quota": null,
            "cpu_set": null,
            "cpu_shares": null,
            "cpus": null,
            "destroy_grace_seconds": null,
            "devices": [],
            "dns": null,
            "dns_opts": null,
            "dns_search": null,
            "domainname": null,
            "entrypoint": null,
            "env": [
              "APP_VERSION=1.0.0",
              "ENVIRONMENT=production"
            ],
            "exit_code": null,
            "gpus": null,
            "group_add": null,
            "healthcheck": [
              {
                "interval": "30s",
                "retries": 3,
                "start_interval": "0s",
                "start_period": "10s",
                "test": [
                  "CMD",
                  "python",
                  "-c",
                  "import urllib.request; urllib.request.urlopen('http://localhost:5000/health')"
                ],
                "timeout": "5s"
              }
            ],
            "host": [],
            "hostname": null,
            "id": "898421aeb50f42d785a97dc9495a29d0241fe5d3fed7493eefe311d9f9b8ab90",
            "image": "sha256:4618f434172432093d1bacd12a14d1dbd28fce45ef79296028c34438a517a15c",
            "init": null,
            "ipc_mode": null,
            "labels": [
              {
                "label": "app",
                "value": "devsecops-app"
              },
              {
                "label": "environment",
                "value": "production"
              },
              {
                "label": "version",
                "value": "1.0.0"
              }
            ],
            "log_driver": null,
            "log_opts": null,
            "logs": false,
            "max_retry_count": null,
            "memory": null,
            "memory_reservation": 0,
            "memory_swap": null,
            "mounts": [],
            "must_run": true,
            "name": "devsecops-app-production",
            "network_data": null,
            "network_mode": "bridge",
            "networks_advanced": [
              {
                "aliases": [],
                "ipv4_address": "",
                "ipv6_address": "",
                "mac_address": "",
                "name": "devsecops-app-network"
              }
            ],
            "pid_mode": null,
            "ports": [
              {
                "external": 5000,
                "internal": 5000,
                "ip": "0.0.0.0",
                "protocol": "tcp"
              }
            ],
            "privileged": null,
            "publish_all_ports": null,
            "read_only": false,
            "remove_volumes": true,
            "restart": "unless-stopped",
            "rm": false,
            "runtime": null,
            "security_opts": [],
            "shm_size": null,
            "start": true,
            "stdin_open": false,
            "stop_signal": null,
            "stop_timeout": null,
            "storage_opts": null,
            "sysctls": null,
            "tmpfs": null,
            "tty": false,
            "ulimit": [],
            "upload": [],
            "user": null,
            "userns_mode": null,
            "volumes": [],
            "wait": false,
            "wait_timeout": 60,
            "working_dir": null
          },
          "sensitive_attributes": [],
          "private": "eyJzY2hlbWFfdmVyc2lvbiI6IjIifQ==",
          "dependencies": [
            "docker_image.app",
            "docker_network.app_network"
          ]
        }
      ]
    },
    {
      "mode": "managed",
      "type": "docker_image",
      "name": "app",
      "provider": "provider[\"registry.terraform.io/kreuzwerker/docker\"]",
      "instances": [
        {
          "schema_version": 0,
          "attributes": {
            "build": [],
            "force_remove": null,
            "id": "sha256:4618f434172432093d1bacd12a14d1dbd28fce45ef79296028c34438a517a15cdevsecops-app:1.0.0",
            "image_id": "sha256:4618f434172432093d1bacd12a14d1dbd28fce45ef79296028c34438a517a15c",
            "keep_locally": true,
            "name": "devsecops-app:1.0.0",
            "platform": null,
            "pull_triggers": null,
            "repo_digest": "",
            "timeouts": null,
            "triggers": null
          },
          "sensitive_attributes": [],
          "private": "eyJlMmJmYjczMC1lY2FhLTExZTYtOGY4OC0zNDM2M2JjN2M0YzAiOnsiY3JlYXRlIjoxMjAwMDAwMDAwMDAwLCJkZWxldGUiOjEyMDAwMDAwMDAwMDAsInVwZGF0ZSI6MTIwMDAwMDAwMDAwMH19"
        }
      ]
    },
    {
      "mode": "managed",
      "type": "docker_network",
      "name": "app_network",
      "provider": "provider[\"registry.terraform.io/kreuzwerker/docker\"]",
      "instances": [
        {
          "schema_version": 1,
          "attributes": {
            "attachable": false,
            "check_duplicate": null,
            "driver": "bridge",
            "id": "a8cc47c7d9a21737521ffa2e50a449de9ef93158fa868d7af5a537a7eff43456",
            "ingress": false,
            "internal": false,
            "ipam_config": [
              {
                "aux_address": {},
                "gateway": "172.18.0.1",
                "ip_range": "",
                "subnet": "172.18.0.0/16"
              }
            ],
            "ipam_driver": "default",
            "ipam_options": null,
            "ipv6": false,
            "labels": [],
            "name": "devsecops-app-network",
            "options": {},
            "scope": "local"
          },
          "sensitive_attributes": [],
          "private": "eyJzY2hlbWFfdmVyc2lvbiI6IjEifQ=="
        }
      ]
    }
  ],
  "check_results": null
}
